
Microsoft Visual Studio Solution File, Format Version 12.00
# Visual Studio Version 16
VisualStudioVersion = 16.0.30621.155
MinimumVisualStudioVersion = 10.0.40219.1
Project("{9A19103F-16F7-4668-BE54-9A1E7A4F7556}") = "Lab4", "Lab4\Lab4.csproj", "{F210DB3E-4F0E-42E8-A1CC-ABA3EAA354A2}"
EndProject
Project("{FAE04EC0-301F-11D3-BF4B-00C04F79EFBC}") = "IIG.PasswordHashingUtils", "F:\Downloads\IIG.PasswordHashingUtils-master\IIG.PasswordHashingUtils-master\IIG.PasswordHashingUtils\IIG.PasswordHashingUtils.csproj", "{685E8988-1197-431C-BB7F-5C37AA062360}"
EndProject
Global
	GlobalSection(SolutionConfigurationPlatforms) = preSolution
		Debug|Any CPU = Debug|Any CPU
		Release|Any CPU = Release|Any CPU
	EndGlobalSection
	GlobalSection(ProjectConfigurationPlatforms) = postSolution
		{F210DB3E-4F0E-42E8-A1CC-ABA3EAA354A2}.Debug|Any CPU.ActiveCfg = Debug|Any CPU
		{F210DB3E-4F0E-42E8-A1CC-ABA3EAA354A2}.Debug|Any CPU.Build.0 = Debug|Any CPU
		{F210DB3E-4F0E-42E8-A1CC-ABA3EAA354A2}.Release|Any CPU.ActiveCfg = Release|Any CPU
		{F210DB3E-4F0E-42E8-A1CC-ABA3EAA354A2}.Release|Any CPU.Build.0 = Release|Any CPU
		{685E8988-1197-431C-BB7F-5C37AA062360}.Debug|Any CPU.ActiveCfg = Debug|Any CPU
		{685E8988-1197-431C-BB7F-5C37AA062360}.Debug|Any CPU.Build.0 = Debug|Any CPU
		{685E8988-1197-431C-BB7F-5C37AA062360}.Release|Any CPU.ActiveCfg = Release|Any CPU
		{685E8988-1197-431C-BB7F-5C37AA062360}.Release|Any CPU.Build.0 = Release|Any CPU
	EndGlobalSection
	GlobalSection(SolutionProperties) = preSolution
		HideSolutionNode = FALSE
	EndGlobalSection
	GlobalSection(ExtensibilityGlobals) = postSolution
		SolutionGuid = {1432F47C-C3CB-45FB-ACCA-96D80E20C4EE}
	EndGlobalSection
EndGlobal
